// !$*UTF8*$!
{
	archiveVersion = 1;
	classes = {
	};
	objectVersion = 56;
	objects = {

/* Begin PBXBuildFile section */
		07DA990A2A36E41300E4EBE2 /* AppDelegate.swift in Sources */ = {isa = PBXBuildFile; fileRef = 07DA99092A36E41300E4EBE2 /* AppDelegate.swift */; };
		07DA990C2A36E41300E4EBE2 /* SceneDelegate.swift in Sources */ = {isa = PBXBuildFile; fileRef = 07DA990B2A36E41300E4EBE2 /* SceneDelegate.swift */; };
		07DA990E2A36E41300E4EBE2 /* LoginViewController.swift in Sources */ = {isa = PBXBuildFile; fileRef = 07DA990D2A36E41300E4EBE2 /* LoginViewController.swift */; };
		07DA99112A36E41300E4EBE2 /* Main.storyboard in Resources */ = {isa = PBXBuildFile; fileRef = 07DA990F2A36E41300E4EBE2 /* Main.storyboard */; };
		07DA99132A36E41400E4EBE2 /* Assets.xcassets in Resources */ = {isa = PBXBuildFile; fileRef = 07DA99122A36E41400E4EBE2 /* Assets.xcassets */; };
		07DA99162A36E41400E4EBE2 /* LaunchScreen.storyboard in Resources */ = {isa = PBXBuildFile; fileRef = 07DA99142A36E41400E4EBE2 /* LaunchScreen.storyboard */; };
		07DA991E2A36E47500E4EBE2 /* HomeViewController.swift in Sources */ = {isa = PBXBuildFile; fileRef = 07DA991D2A36E47500E4EBE2 /* HomeViewController.swift */; };
		07DA99202A36F88500E4EBE2 /* AuthorizationService.swift in Sources */ = {isa = PBXBuildFile; fileRef = 07DA991F2A36F88500E4EBE2 /* AuthorizationService.swift */; };
		07DA99262A37032D00E4EBE2 /* AuthKey_APFFK75297.p8 in Resources */ = {isa = PBXBuildFile; fileRef = 07DA99252A37032D00E4EBE2 /* AuthKey_APFFK75297.p8 */; };
		07DA992A2A3747AC00E4EBE2 /* Constant.swift in Sources */ = {isa = PBXBuildFile; fileRef = 07DA99292A3747AC00E4EBE2 /* Constant.swift */; };
		07DA992C2A37499800E4EBE2 /* AppleTokenResponse.swift in Sources */ = {isa = PBXBuildFile; fileRef = 07DA992B2A37499800E4EBE2 /* AppleTokenResponse.swift */; };
		807BDA3D91E547334AB45BCE /* Pods_AppleLoginStudy.framework in Frameworks */ = {isa = PBXBuildFile; fileRef = 90B5BBB4CF43EF380AC5C6F9 /* Pods_AppleLoginStudy.framework */; };
/* End PBXBuildFile section */

/* Begin PBXFileReference section */
		07DA99062A36E41300E4EBE2 /* AppleLoginStudy.app */ = {isa = PBXFileReference; explicitFileType = wrapper.application; includeInIndex = 0; path = AppleLoginStudy.app; sourceTree = BUILT_PRODUCTS_DIR; };
		07DA99092A36E41300E4EBE2 /* AppDelegate.swift */ = {isa = PBXFileReference; lastKnownFileType = sourcecode.swift; path = AppDelegate.swift; sourceTree = "<group>"; };
		07DA990B2A36E41300E4EBE2 /* SceneDelegate.swift */ = {isa = PBXFileReference; lastKnownFileType = sourcecode.swift; path = SceneDelegate.swift; sourceTree = "<group>"; };
		07DA990D2A36E41300E4EBE2 /* LoginViewController.swift */ = {isa = PBXFileReference; lastKnownFileType = sourcecode.swift; path = LoginViewController.swift; sourceTree = "<group>"; };
		07DA99102A36E41300E4EBE2 /* Base */ = {isa = PBXFileReference; lastKnownFileType = file.storyboard; name = Base; path = Base.lproj/Main.storyboard; sourceTree = "<group>"; };
		07DA99122A36E41400E4EBE2 /* Assets.xcassets */ = {isa = PBXFileReference; lastKnownFileType = folder.assetcatalog; path = Assets.xcassets; sourceTree = "<group>"; };
		07DA99152A36E41400E4EBE2 /* Base */ = {isa = PBXFileReference; lastKnownFileType = file.storyboard; name = Base; path = Base.lproj/LaunchScreen.storyboard; sourceTree = "<group>"; };
		07DA99172A36E41400E4EBE2 /* Info.plist */ = {isa = PBXFileReference; lastKnownFileType = text.plist.xml; path = Info.plist; sourceTree = "<group>"; };
		07DA991D2A36E47500E4EBE2 /* HomeViewController.swift */ = {isa = PBXFileReference; lastKnownFileType = sourcecode.swift; path = HomeViewController.swift; sourceTree = "<group>"; };
		07DA991F2A36F88500E4EBE2 /* AuthorizationService.swift */ = {isa = PBXFileReference; lastKnownFileType = sourcecode.swift; path = AuthorizationService.swift; sourceTree = "<group>"; };
		07DA99252A37032D00E4EBE2 /* AuthKey_APFFK75297.p8 */ = {isa = PBXFileReference; fileEncoding = 4; lastKnownFileType = text; path = AuthKey_APFFK75297.p8; sourceTree = "<group>"; };
		07DA99282A3706B600E4EBE2 /* AppleLoginStudy.entitlements */ = {isa = PBXFileReference; lastKnownFileType = text.plist.entitlements; path = AppleLoginStudy.entitlements; sourceTree = "<group>"; };
		07DA99292A3747AC00E4EBE2 /* Constant.swift */ = {isa = PBXFileReference; lastKnownFileType = sourcecode.swift; path = Constant.swift; sourceTree = "<group>"; };
		07DA992B2A37499800E4EBE2 /* AppleTokenResponse.swift */ = {isa = PBXFileReference; lastKnownFileType = sourcecode.swift; path = AppleTokenResponse.swift; sourceTree = "<group>"; };
		64B4697BF0A9AC8D9D5C3C4E /* Pods-AppleLoginStudy.debug.xcconfig */ = {isa = PBXFileReference; includeInIndex = 1; lastKnownFileType = text.xcconfig; name = "Pods-AppleLoginStudy.debug.xcconfig"; path = "Target Support Files/Pods-AppleLoginStudy/Pods-AppleLoginStudy.debug.xcconfig"; sourceTree = "<group>"; };
		71AA304D4C0DA696A35B822A /* Pods-AppleLoginStudy.release.xcconfig */ = {isa = PBXFileReference; includeInIndex = 1; lastKnownFileType = text.xcconfig; name = "Pods-AppleLoginStudy.release.xcconfig"; path = "Target Support Files/Pods-AppleLoginStudy/Pods-AppleLoginStudy.release.xcconfig"; sourceTree = "<group>"; };
		90B5BBB4CF43EF380AC5C6F9 /* Pods_AppleLoginStudy.framework */ = {isa = PBXFileReference; explicitFileType = wrapper.framework; includeInIndex = 0; path = Pods_AppleLoginStudy.framework; sourceTree = BUILT_PRODUCTS_DIR; };
/* End PBXFileReference section */

/* Begin PBXFrameworksBuildPhase section */
		07DA99032A36E41300E4EBE2 /* Frameworks */ = {
			isa = PBXFrameworksBuildPhase;
			buildActionMask = 2147483647;
			files = (
				807BDA3D91E547334AB45BCE /* Pods_AppleLoginStudy.framework in Frameworks */,
			);
			runOnlyForDeploymentPostprocessing = 0;
		};
/* End PBXFrameworksBuildPhase section */

/* Begin PBXGroup section */
		07DA98FD2A36E41300E4EBE2 = {
			isa = PBXGroup;
			children = (
				07DA99082A36E41300E4EBE2 /* AppleLoginStudy */,
				07DA99072A36E41300E4EBE2 /* Products */,
				E97E63438114F15A09D9759A /* Pods */,
				8BA2DA8EB292233AEBD7C4AD /* Frameworks */,
			);
			sourceTree = "<group>";
		};
		07DA99072A36E41300E4EBE2 /* Products */ = {
			isa = PBXGroup;
			children = (
				07DA99062A36E41300E4EBE2 /* AppleLoginStudy.app */,
			);
			name = Products;
			sourceTree = "<group>";
		};
		07DA99082A36E41300E4EBE2 /* AppleLoginStudy */ = {
			isa = PBXGroup;
			children = (
				07DA99282A3706B600E4EBE2 /* AppleLoginStudy.entitlements */,
				07DA99092A36E41300E4EBE2 /* AppDelegate.swift */,
				07DA990B2A36E41300E4EBE2 /* SceneDelegate.swift */,
				07DA99142A36E41400E4EBE2 /* LaunchScreen.storyboard */,
				07DA990F2A36E41300E4EBE2 /* Main.storyboard */,
				07DA99292A3747AC00E4EBE2 /* Constant.swift */,
				07DA992B2A37499800E4EBE2 /* AppleTokenResponse.swift */,
				07DA990D2A36E41300E4EBE2 /* LoginViewController.swift */,
				07DA991D2A36E47500E4EBE2 /* HomeViewController.swift */,
				07DA991F2A36F88500E4EBE2 /* AuthorizationService.swift */,
				07DA99252A37032D00E4EBE2 /* AuthKey_APFFK75297.p8 */,
				07DA99122A36E41400E4EBE2 /* Assets.xcassets */,
				07DA99172A36E41400E4EBE2 /* Info.plist */,
			);
			path = AppleLoginStudy;
			sourceTree = "<group>";
		};
		8BA2DA8EB292233AEBD7C4AD /* Frameworks */ = {
			isa = PBXGroup;
			children = (
				90B5BBB4CF43EF380AC5C6F9 /* Pods_AppleLoginStudy.framework */,
			);
			name = Frameworks;
			sourceTree = "<group>";
		};
		E97E63438114F15A09D9759A /* Pods */ = {
			isa = PBXGroup;
			children = (
				64B4697BF0A9AC8D9D5C3C4E /* Pods-AppleLoginStudy.debug.xcconfig */,
				71AA304D4C0DA696A35B822A /* Pods-AppleLoginStudy.release.xcconfig */,
			);
			path = Pods;
			sourceTree = "<group>";
		};
/* End PBXGroup section */

/* Begin PBXNativeTarget section */
		07DA99052A36E41300E4EBE2 /* AppleLoginStudy */ = {
			isa = PBXNativeTarget;
			buildConfigurationList = 07DA991A2A36E41400E4EBE2 /* Build configuration list for PBXNativeTarget "AppleLoginStudy" */;
			buildPhases = (
				D1CD9634B4343EA8B169E6D0 /* [CP] Check Pods Manifest.lock */,
				07DA99022A36E41300E4EBE2 /* Sources */,
				07DA99032A36E41300E4EBE2 /* Frameworks */,
				07DA99042A36E41300E4EBE2 /* Resources */,
				0E50EC6A06D169EDDA87B2CA /* [CP] Embed Pods Frameworks */,
			);
			buildRules = (
			);
			dependencies = (
			);
			name = AppleLoginStudy;
			productName = AppleLoginStudy;
			productReference = 07DA99062A36E41300E4EBE2 /* AppleLoginStudy.app */;
			productType = "com.apple.product-type.application";
		};
/* End PBXNativeTarget section */

/* Begin PBXProject section */
		07DA98FE2A36E41300E4EBE2 /* Project object */ = {
			isa = PBXProject;
			attributes = {
				BuildIndependentTargetsInParallel = 1;
				LastSwiftUpdateCheck = 1430;
				LastUpgradeCheck = 1430;
				TargetAttributes = {
					07DA99052A36E41300E4EBE2 = {
						CreatedOnToolsVersion = 14.3.1;
					};
				};
			};
			buildConfigurationList = 07DA99012A36E41300E4EBE2 /* Build configuration list for PBXProject "AppleLoginStudy" */;
			compatibilityVersion = "Xcode 14.0";
			developmentRegion = en;
			hasScannedForEncodings = 0;
			knownRegions = (
				en,
				Base,
			);
			mainGroup = 07DA98FD2A36E41300E4EBE2;
			productRefGroup = 07DA99072A36E41300E4EBE2 /* Products */;
			projectDirPath = "";
			projectRoot = "";
			targets = (
				07DA99052A36E41300E4EBE2 /* AppleLoginStudy */,
			);
		};
/* End PBXProject section */

/* Begin PBXResourcesBuildPhase section */
		07DA99042A36E41300E4EBE2 /* Resources */ = {
			isa = PBXResourcesBuildPhase;
			buildActionMask = 2147483647;
			files = (
				07DA99162A36E41400E4EBE2 /* LaunchScreen.storyboard in Resources */,
				07DA99132A36E41400E4EBE2 /* Assets.xcassets in Resources */,
				07DA99112A36E41300E4EBE2 /* Main.storyboard in Resources */,
				07DA99262A37032D00E4EBE2 /* AuthKey_APFFK75297.p8 in Resources */,
			);
			runOnlyForDeploymentPostprocessing = 0;
		};
/* End PBXResourcesBuildPhase section */

/* Begin PBXShellScriptBuildPhase section */
		0E50EC6A06D169EDDA87B2CA /* [CP] Embed Pods Frameworks */ = {
			isa = PBXShellScriptBuildPhase;
			buildActionMask = 2147483647;
			files = (
			);
			inputFileListPaths = (
				"${PODS_ROOT}/Target Support Files/Pods-AppleLoginStudy/Pods-AppleLoginStudy-frameworks-${CONFIGURATION}-input-files.xcfilelist",
			);
			name = "[CP] Embed Pods Frameworks";
			outputFileListPaths = (
				"${PODS_ROOT}/Target Support Files/Pods-AppleLoginStudy/Pods-AppleLoginStudy-frameworks-${CONFIGURATION}-output-files.xcfilelist",
			);
			runOnlyForDeploymentPostprocessing = 0;
			shellPath = /bin/sh;
			shellScript = "\"${PODS_ROOT}/Target Support Files/Pods-AppleLoginStudy/Pods-AppleLoginStudy-frameworks.sh\"\n";
			showEnvVarsInLog = 0;
		};
		D1CD9634B4343EA8B169E6D0 /* [CP] Check Pods Manifest.lock */ = {
			isa = PBXShellScriptBuildPhase;
			buildActionMask = 2147483647;
			files = (
			);
			inputFileListPaths = (
			);
			inputPaths = (
				"${PODS_PODFILE_DIR_PATH}/Podfile.lock",
				"${PODS_ROOT}/Manifest.lock",
			);
			name = "[CP] Check Pods Manifest.lock";
			outputFileListPaths = (
			);
			outputPaths = (
				"$(DERIVED_FILE_DIR)/Pods-AppleLoginStudy-checkManifestLockResult.txt",
			);
			runOnlyForDeploymentPostprocessing = 0;
			shellPath = /bin/sh;
			shellScript = "diff \"${PODS_PODFILE_DIR_PATH}/Podfile.lock\" \"${PODS_ROOT}/Manifest.lock\" > /dev/null\nif [ $? != 0 ] ; then\n    # print error to STDERR\n    echo \"error: The sandbox is not in sync with the Podfile.lock. Run 'pod install' or update your CocoaPods installation.\" >&2\n    exit 1\nfi\n# This output is used by Xcode 'outputs' to avoid re-running this script phase.\necho \"SUCCESS\" > \"${SCRIPT_OUTPUT_FILE_0}\"\n";
			showEnvVarsInLog = 0;
		};
/* End PBXShellScriptBuildPhase section */

/* Begin PBXSourcesBuildPhase section */
		07DA99022A36E41300E4EBE2 /* Sources */ = {
			isa = PBXSourcesBuildPhase;
			buildActionMask = 2147483647;
			files = (
				07DA990E2A36E41300E4EBE2 /* LoginViewController.swift in Sources */,
				07DA990A2A36E41300E4EBE2 /* AppDelegate.swift in Sources */,
				07DA990C2A36E41300E4EBE2 /* SceneDelegate.swift in Sources */,
				07DA992C2A37499800E4EBE2 /* AppleTokenResponse.swift in Sources */,
				07DA99202A36F88500E4EBE2 /* AuthorizationService.swift in Sources */,
				07DA991E2A36E47500E4EBE2 /* HomeViewController.swift in Sources */,
				07DA992A2A3747AC00E4EBE2 /* Constant.swift in Sources */,
			);
			runOnlyForDeploymentPostprocessing = 0;
		};
/* End PBXSourcesBuildPhase section */

/* Begin PBXVariantGroup section */
		07DA990F2A36E41300E4EBE2 /* Main.storyboard */ = {
			isa = PBXVariantGroup;
			children = (
				07DA99102A36E41300E4EBE2 /* Base */,
			);
			name = Main.storyboard;
			sourceTree = "<group>";
		};
		07DA99142A36E41400E4EBE2 /* LaunchScreen.storyboard */ = {
			isa = PBXVariantGroup;
			children = (
				07DA99152A36E41400E4EBE2 /* Base */,
			);
			name = LaunchScreen.storyboard;
			sourceTree = "<group>";
		};
/* End PBXVariantGroup section */

/* Begin XCBuildConfiguration section */
		07DA99182A36E41400E4EBE2 /* Debug */ = {
			isa = XCBuildConfiguration;
			buildSettings = {
				ALWAYS_SEARCH_USER_PATHS = NO;
				CLANG_ANALYZER_NONNULL = YES;
				CLANG_ANALYZER_NUMBER_OBJECT_CONVERSION = YES_AGGRESSIVE;
				CLANG_CXX_LANGUAGE_STANDARD = "gnu++20";
				CLANG_ENABLE_MODULES = YES;
				CLANG_ENABLE_OBJC_ARC = YES;
				CLANG_ENABLE_OBJC_WEAK = YES;
				CLANG_WARN_BLOCK_CAPTURE_AUTORELEASING = YES;
				CLANG_WARN_BOOL_CONVERSION = YES;
				CLANG_WARN_COMMA = YES;
				CLANG_WARN_CONSTANT_CONVERSION = YES;
				CLANG_WARN_DEPRECATED_OBJC_IMPLEMENTATIONS = YES;
				CLANG_WARN_DIRECT_OBJC_ISA_USAGE = YES_ERROR;
				CLANG_WARN_DOCUMENTATION_COMMENTS = YES;
				CLANG_WARN_EMPTY_BODY = YES;
				CLANG_WARN_ENUM_CONVERSION = YES;
				CLANG_WARN_INFINITE_RECURSION = YES;
				CLANG_WARN_INT_CONVERSION = YES;
				CLANG_WARN_NON_LITERAL_NULL_CONVERSION = YES;
				CLANG_WARN_OBJC_IMPLICIT_RETAIN_SELF = YES;
				CLANG_WARN_OBJC_LITERAL_CONVERSION = YES;
				CLANG_WARN_OBJC_ROOT_CLASS = YES_ERROR;
				CLANG_WARN_QUOTED_INCLUDE_IN_FRAMEWORK_HEADER = YES;
				CLANG_WARN_RANGE_LOOP_ANALYSIS = YES;
				CLANG_WARN_STRICT_PROTOTYPES = YES;
				CLANG_WARN_SUSPICIOUS_MOVE = YES;
				CLANG_WARN_UNGUARDED_AVAILABILITY = YES_AGGRESSIVE;
				CLANG_WARN_UNREACHABLE_CODE = YES;
				CLANG_WARN__DUPLICATE_METHOD_MATCH = YES;
				COPY_PHASE_STRIP = NO;
				DEBUG_INFORMATION_FORMAT = dwarf;
				ENABLE_STRICT_OBJC_MSGSEND = YES;
				ENABLE_TESTABILITY = YES;
				GCC_C_LANGUAGE_STANDARD = gnu11;
				GCC_DYNAMIC_NO_PIC = NO;
				GCC_NO_COMMON_BLOCKS = YES;
				GCC_OPTIMIZATION_LEVEL = 0;
				GCC_PREPROCESSOR_DEFINITIONS = (
					"DEBUG=1",
					"$(inherited)",
				);
				GCC_WARN_64_TO_32_BIT_CONVERSION = YES;
				GCC_WARN_ABOUT_RETURN_TYPE = YES_ERROR;
				GCC_WARN_UNDECLARED_SELECTOR = YES;
				GCC_WARN_UNINITIALIZED_AUTOS = YES_AGGRESSIVE;
				GCC_WARN_UNUSED_FUNCTION = YES;
				GCC_WARN_UNUSED_VARIABLE = YES;
				IPHONEOS_DEPLOYMENT_TARGET = 16.4;
				MTL_ENABLE_DEBUG_INFO = INCLUDE_SOURCE;
				MTL_FAST_MATH = YES;
				ONLY_ACTIVE_ARCH = YES;
				SDKROOT = iphoneos;
				SWIFT_ACTIVE_COMPILATION_CONDITIONS = DEBUG;
				SWIFT_OPTIMIZATION_LEVEL = "-Onone";
			};
			name = Debug;
		};
		07DA99192A36E41400E4EBE2 /* Release */ = {
			isa = XCBuildConfiguration;
			buildSettings = {
				ALWAYS_SEARCH_USER_PATHS = NO;
				CLANG_ANALYZER_NONNULL = YES;
				CLANG_ANALYZER_NUMBER_OBJECT_CONVERSION = YES_AGGRESSIVE;
				CLANG_CXX_LANGUAGE_STANDARD = "gnu++20";
				CLANG_ENABLE_MODULES = YES;
				CLANG_ENABLE_OBJC_ARC = YES;
				CLANG_ENABLE_OBJC_WEAK = YES;
				CLANG_WARN_BLOCK_CAPTURE_AUTORELEASING = YES;
				CLANG_WARN_BOOL_CONVERSION = YES;
				CLANG_WARN_COMMA = YES;
				CLANG_WARN_CONSTANT_CONVERSION = YES;
				CLANG_WARN_DEPRECATED_OBJC_IMPLEMENTATIONS = YES;
				CLANG_WARN_DIRECT_OBJC_ISA_USAGE = YES_ERROR;
				CLANG_WARN_DOCUMENTATION_COMMENTS = YES;
				CLANG_WARN_EMPTY_BODY = YES;
				CLANG_WARN_ENUM_CONVERSION = YES;
				CLANG_WARN_INFINITE_RECURSION = YES;
				CLANG_WARN_INT_CONVERSION = YES;
				CLANG_WARN_NON_LITERAL_NULL_CONVERSION = YES;
				CLANG_WARN_OBJC_IMPLICIT_RETAIN_SELF = YES;
				CLANG_WARN_OBJC_LITERAL_CONVERSION = YES;
				CLANG_WARN_OBJC_ROOT_CLASS = YES_ERROR;
				CLANG_WARN_QUOTED_INCLUDE_IN_FRAMEWORK_HEADER = YES;
				CLANG_WARN_RANGE_LOOP_ANALYSIS = YES;
				CLANG_WARN_STRICT_PROTOTYPES = YES;
				CLANG_WARN_SUSPICIOUS_MOVE = YES;
				CLANG_WARN_UNGUARDED_AVAILABILITY = YES_AGGRESSIVE;
				CLANG_WARN_UNREACHABLE_CODE = YES;
				CLANG_WARN__DUPLICATE_METHOD_MATCH = YES;
				COPY_PHASE_STRIP = NO;
				DEBUG_INFORMATION_FORMAT = "dwarf-with-dsym";
				ENABLE_NS_ASSERTIONS = NO;
				ENABLE_STRICT_OBJC_MSGSEND = YES;
				GCC_C_LANGUAGE_STANDARD = gnu11;
				GCC_NO_COMMON_BLOCKS = YES;
				GCC_WARN_64_TO_32_BIT_CONVERSION = YES;
				GCC_WARN_ABOUT_RETURN_TYPE = YES_ERROR;
				GCC_WARN_UNDECLARED_SELECTOR = YES;
				GCC_WARN_UNINITIALIZED_AUTOS = YES_AGGRESSIVE;
				GCC_WARN_UNUSED_FUNCTION = YES;
				GCC_WARN_UNUSED_VARIABLE = YES;
				IPHONEOS_DEPLOYMENT_TARGET = 16.4;
				MTL_ENABLE_DEBUG_INFO = NO;
				MTL_FAST_MATH = YES;
				SDKROOT = iphoneos;
				SWIFT_COMPILATION_MODE = wholemodule;
				SWIFT_OPTIMIZATION_LEVEL = "-O";
				VALIDATE_PRODUCT = YES;
			};
			name = Release;
		};
		07DA991B2A36E41400E4EBE2 /* Debug */ = {
			isa = XCBuildConfiguration;
			baseConfigurationReference = 64B4697BF0A9AC8D9D5C3C4E /* Pods-AppleLoginStudy.debug.xcconfig */;
			buildSettings = {
				ASSETCATALOG_COMPILER_APPICON_NAME = AppIcon;
				ASSETCATALOG_COMPILER_GLOBAL_ACCENT_COLOR_NAME = AccentColor;
				CODE_SIGN_ENTITLEMENTS = AppleLoginStudy/AppleLoginStudy.entitlements;
				CODE_SIGN_STYLE = Automatic;
				CURRENT_PROJECT_VERSION = 1;
				DEVELOPMENT_TEAM = YJF2RZ2K47;
				GENERATE_INFOPLIST_FILE = YES;
				INFOPLIST_FILE = AppleLoginStudy/Info.plist;
				INFOPLIST_KEY_CFBundleDisplayName = AppleSignIn;
				INFOPLIST_KEY_UIApplicationSupportsIndirectInputEvents = YES;
				INFOPLIST_KEY_UILaunchStoryboardName = LaunchScreen;
				INFOPLIST_KEY_UIMainStoryboardFile = Main;
				INFOPLIST_KEY_UISupportedInterfaceOrientations = UIInterfaceOrientationPortrait;
				INFOPLIST_KEY_UISupportedInterfaceOrientations_iPad = "UIInterfaceOrientationLandscapeLeft UIInterfaceOrientationLandscapeRight UIInterfaceOrientationPortrait UIInterfaceOrientationPortraitUpsideDown";
				IPHONEOS_DEPLOYMENT_TARGET = 15.0;
				LD_RUNPATH_SEARCH_PATHS = (
					"$(inherited)",
					"@executable_path/Frameworks",
				);
				MARKETING_VERSION = 1.0.0;
				PRODUCT_BUNDLE_IDENTIFIER = com.hyleedevelop.AppleLoginStudy;
				PRODUCT_NAME = "$(TARGET_NAME)";
				SUPPORTED_PLATFORMS = "iphoneos iphonesimulator";
				SUPPORTS_MACCATALYST = NO;
				SUPPORTS_MAC_DESIGNED_FOR_IPHONE_IPAD = NO;
				SWIFT_EMIT_LOC_STRINGS = YES;
				SWIFT_VERSION = 5.0;
				TARGETED_DEVICE_FAMILY = 1;
			};
			name = Debug;
		};
		07DA991C2A36E41400E4EBE2 /* Release */ = {
			isa = XCBuildConfiguration;
			baseConfigurationReference = 71AA304D4C0DA696A35B822A /* Pods-AppleLoginStudy.release.xcconfig */;
			buildSettings = {
				ASSETCATALOG_COMPILER_APPICON_NAME = AppIcon;
				ASSETCATALOG_COMPILER_GLOBAL_ACCENT_COLOR_NAME = AccentColor;
				CODE_SIGN_ENTITLEMENTS = AppleLoginStudy/AppleLoginStudy.entitlements;
				CODE_SIGN_STYLE = Automatic;
				CURRENT_PROJECT_VERSION = 1;
				DEVELOPMENT_TEAM = YJF2RZ2K47;
				GENERATE_INFOPLIST_FILE = YES;
				INFOPLIST_FILE = AppleLoginStudy/Info.plist;
				INFOPLIST_KEY_CFBundleDisplayName = AppleSignIn;
				INFOPLIST_KEY_UIApplicationSupportsIndirectInputEvents = YES;
				INFOPLIST_KEY_UILaunchStoryboardName = LaunchScreen;
				INFOPLIST_KEY_UIMainStoryboardFile = Main;
				INFOPLIST_KEY_UISupportedInterfaceOrientations = UIInterfaceOrientationPortrait;
				INFOPLIST_KEY_UISupportedInterfaceOrientations_iPad = "UIInterfaceOrientationLandscapeLeft UIInterfaceOrientationLandscapeRight UIInterfaceOrientationPortrait UIInterfaceOrientationPortraitUpsideDown";
				IPHONEOS_DEPLOYMENT_TARGET = 15.0;
				LD_RUNPATH_SEARCH_PATHS = (
					"$(inherited)",
					"@executable_path/Frameworks",
				);
				MARKETING_VERSION = 1.0.0;
				PRODUCT_BUNDLE_IDENTIFIER = com.hyleedevelop.AppleLoginStudy;
				PRODUCT_NAME = "$(TARGET_NAME)";
				SUPPORTED_PLATFORMS = "iphoneos iphonesimulator";
				SUPPORTS_MACCATALYST = NO;
				SUPPORTS_MAC_DESIGNED_FOR_IPHONE_IPAD = NO;
				SWIFT_EMIT_LOC_STRINGS = YES;
				SWIFT_VERSION = 5.0;
				TARGETED_DEVICE_FAMILY = 1;
			};
			name = Release;
		};
/* End XCBuildConfiguration section */

/* Begin XCConfigurationList section */
		07DA99012A36E41300E4EBE2 /* Build configuration list for PBXProject "AppleLoginStudy" */ = {
			isa = XCConfigurationList;
			buildConfigurations = (
				07DA99182A36E41400E4EBE2 /* Debug */,
				07DA99192A36E41400E4EBE2 /* Release */,
			);
			defaultConfigurationIsVisible = 0;
			defaultConfigurationName = Release;
		};
		07DA991A2A36E41400E4EBE2 /* Build configuration list for PBXNativeTarget "AppleLoginStudy" */ = {
			isa = XCConfigurationList;
			buildConfigurations = (
				07DA991B2A36E41400E4EBE2 /* Debug */,
				07DA991C2A36E41400E4EBE2 /* Release */,
			);
			defaultConfigurationIsVisible = 0;
			defaultConfigurationName = Release;
		};
/* End XCConfigurationList section */
	};
	rootObject = 07DA98FE2A36E41300E4EBE2 /* Project object */;
}
